
Microsoft Visual Studio Solution File, Format Version 12.00
Project("{FAE04EC0-301F-11D3-BF4B-00C04F79EFBC}") = "WebApp", "WebApp\WebApp.csproj", "{7A9D6D79-89BA-47C6-90E4-4E3ED6EDCBAD}"
EndProject
Project("{FAE04EC0-301F-11D3-BF4B-00C04F79EFBC}") = "WebAppTest", "WebAppTest\WebAppTest.csproj", "{70EDCD5A-CB18-4889-9CAA-7B711506835A}"
EndProject
Global
	GlobalSection(SolutionConfigurationPlatforms) = preSolution
		Debug|Any CPU = Debug|Any CPU
		Release|Any CPU = Release|Any CPU
	EndGlobalSection
	GlobalSection(ProjectConfigurationPlatforms) = postSolution
		{7A9D6D79-89BA-47C6-90E4-4E3ED6EDCBAD}.Debug|Any CPU.ActiveCfg = Debug|Any CPU
								{7A9D6D79-89BA-47C6-90E4-4E3ED6EDCBAD}.Debug|Any CPU.Build.0 = Debug|Any CPU
								{7A9D6D79-89BA-47C6-90E4-4E3ED6EDCBAD}.Release|Any CPU.ActiveCfg = Release|Any CPU
								{7A9D6D79-89BA-47C6-90E4-4E3ED6EDCBAD}.Release|Any CPU.Build.0 = Release|Any CPU
		{70EDCD5A-CB18-4889-9CAA-7B711506835A}.Debug|Any CPU.ActiveCfg = Debug|Any CPU
		{70EDCD5A-CB18-4889-9CAA-7B711506835A}.Debug|Any CPU.Build.0 = Debug|Any CPU
		{70EDCD5A-CB18-4889-9CAA-7B711506835A}.Release|Any CPU.ActiveCfg = Release|Any CPU
		{70EDCD5A-CB18-4889-9CAA-7B711506835A}.Release|Any CPU.Build.0 = Release|Any CPU
	EndGlobalSection
EndGlobal
